github.com/confluentinc/confluent-kafka-go/v2 v2.12.0 h1:If5Bi+oJVehEdjuhHa7QEFppQtyexvBXJiuZIloJtIw=
github.com/confluentinc/confluent-kafka-go/v2 v2.12.0/go.mod h1:6ypM/bldGVG8gf1s9/05ICQU76BmXcbhF6K2jtznock=
github.com/klauspost/compress v1.17.9 h1:6KIumPrER1LHsvBVuDa0r5xaG0Es51mhhB9BQB2qeMA=
github.com/klauspost/compress v1.17.9/go.mod h1:Di0epgTjJY877eYKx5yC51cX2A2Vl2ibi7bDH9ttBbw=
github.com/pierrec/lz4/v4 v4.1.15 h1:MO0/ucJhngq7299dKLwIMtgTfbkoSPF6AoMYDd8Q4q0=
github.com/pierrec/lz4/v4 v4.1.15/go.mod h1:gZWDp/Ze/IJXGXf23ltt2EXimqmTUXEy0GFuRQyBid4=
github.com/segmentio/kafka-go v0.4.49 h1:GJiNX1d/g+kG6ljyJEoi9++PUMdXGAxb7JGPiDCuNmk=
github.com/segmentio/kafka-go v0.4.49/go.mod h1:Y1gn60kzLEEaW28YshXyk2+VCUKbJ3Qr6DrnT3i4+9E=
